
Microsoft Visual Studio Solution File, Format Version 12.00
# Visual Studio Version 17
VisualStudioVersion = 17.7.34031.279
MinimumVisualStudioVersion = 10.0.40219.1
Project("{FAE04EC0-301F-11D3-BF4B-00C04F79EFBC}") = "Navbar", "Navbar\Navbar.csproj", "{3DC55D7F-1275-4C3F-ACBB-67C164DF0D5C}"
EndProject
Global
	GlobalSection(SolutionConfigurationPlatforms) = preSolution
		Debug|Any CPU = Debug|Any CPU
		Release|Any CPU = Release|Any CPU
	EndGlobalSection
	GlobalSection(ProjectConfigurationPlatforms) = postSolution
		{3DC55D7F-1275-4C3F-ACBB-67C164DF0D5C}.Debug|Any CPU.ActiveCfg = Debug|Any CPU
		{3DC55D7F-1275-4C3F-ACBB-67C164DF0D5C}.Debug|Any CPU.Build.0 = Debug|Any CPU
		{3DC55D7F-1275-4C3F-ACBB-67C164DF0D5C}.Release|Any CPU.ActiveCfg = Release|Any CPU
		{3DC55D7F-1275-4C3F-ACBB-67C164DF0D5C}.Release|Any CPU.Build.0 = Release|Any CPU
	EndGlobalSection
	GlobalSection(SolutionProperties) = preSolution
		HideSolutionNode = FALSE
	EndGlobalSection
	GlobalSection(ExtensibilityGlobals) = postSolution
		SolutionGuid = {A7681870-7371-48F1-B328-4BD04371D9D2}
	EndGlobalSection
EndGlobal
